// !$*UTF8*$!
{
	archiveVersion = 1;
	classes = {
	};
	objectVersion = 50;
	objects = {

/* Begin PBXBuildFile section */
		3747E59C25EF900C0038E9D2 /* AppDelegate.swift in Sources */ = {isa = PBXBuildFile; fileRef = 3747E59B25EF900C0038E9D2 /* AppDelegate.swift */; };
		3747E59E25EF900C0038E9D2 /* SceneDelegate.swift in Sources */ = {isa = PBXBuildFile; fileRef = 3747E59D25EF900C0038E9D2 /* SceneDelegate.swift */; };
		3747E5A025EF900C0038E9D2 /* LoginViewController.swift in Sources */ = {isa = PBXBuildFile; fileRef = 3747E59F25EF900C0038E9D2 /* LoginViewController.swift */; };
		3747E5A325EF900C0038E9D2 /* Main.storyboard in Resources */ = {isa = PBXBuildFile; fileRef = 3747E5A125EF900C0038E9D2 /* Main.storyboard */; };
		3747E5A525EF900E0038E9D2 /* Assets.xcassets in Resources */ = {isa = PBXBuildFile; fileRef = 3747E5A425EF900E0038E9D2 /* Assets.xcassets */; };
		3747E5A825EF900E0038E9D2 /* LaunchScreen.storyboard in Resources */ = {isa = PBXBuildFile; fileRef = 3747E5A625EF900E0038E9D2 /* LaunchScreen.storyboard */; };
		3773645D25F331A200EB1BB6 /* RegisterViewController.swift in Sources */ = {isa = PBXBuildFile; fileRef = 3773645C25F331A200EB1BB6 /* RegisterViewController.swift */; };
		3773645F25F3745000EB1BB6 /* ForgotPasswordViewController.swift in Sources */ = {isa = PBXBuildFile; fileRef = 3773645E25F3745000EB1BB6 /* ForgotPasswordViewController.swift */; };
/* End PBXBuildFile section */

/* Begin PBXFileReference section */
		3747E59825EF900C0038E9D2 /* DileeshaNayanajith-COBSCComp192-056.app */ = {isa = PBXFileReference; explicitFileType = wrapper.application; includeInIndex = 0; path = "DileeshaNayanajith-COBSCComp192-056.app"; sourceTree = BUILT_PRODUCTS_DIR; };
		3747E59B25EF900C0038E9D2 /* AppDelegate.swift */ = {isa = PBXFileReference; lastKnownFileType = sourcecode.swift; path = AppDelegate.swift; sourceTree = "<group>"; };
		3747E59D25EF900C0038E9D2 /* SceneDelegate.swift */ = {isa = PBXFileReference; lastKnownFileType = sourcecode.swift; path = SceneDelegate.swift; sourceTree = "<group>"; };
		3747E59F25EF900C0038E9D2 /* LoginViewController.swift */ = {isa = PBXFileReference; lastKnownFileType = sourcecode.swift; path = LoginViewController.swift; sourceTree = "<group>"; };
		3747E5A225EF900C0038E9D2 /* Base */ = {isa = PBXFileReference; lastKnownFileType = file.storyboard; name = Base; path = Base.lproj/Main.storyboard; sourceTree = "<group>"; };
		3747E5A425EF900E0038E9D2 /* Assets.xcassets */ = {isa = PBXFileReference; lastKnownFileType = folder.assetcatalog; path = Assets.xcassets; sourceTree = "<group>"; };
		3747E5A725EF900E0038E9D2 /* Base */ = {isa = PBXFileReference; lastKnownFileType = file.storyboard; name = Base; path = Base.lproj/LaunchScreen.storyboard; sourceTree = "<group>"; };
		3747E5A925EF900E0038E9D2 /* Info.plist */ = {isa = PBXFileReference; lastKnownFileType = text.plist.xml; path = Info.plist; sourceTree = "<group>"; };
		3773645C25F331A200EB1BB6 /* RegisterViewController.swift */ = {isa = PBXFileReference; lastKnownFileType = sourcecode.swift; path = RegisterViewController.swift; sourceTree = "<group>"; };
		3773645E25F3745000EB1BB6 /* ForgotPasswordViewController.swift */ = {isa = PBXFileReference; lastKnownFileType = sourcecode.swift; path = ForgotPasswordViewController.swift; sourceTree = "<group>"; };
/* End PBXFileReference section */

/* Begin PBXFrameworksBuildPhase section */
		3747E59525EF900C0038E9D2 /* Frameworks */ = {
			isa = PBXFrameworksBuildPhase;
			buildActionMask = 2147483647;
			files = (
			);
			runOnlyForDeploymentPostprocessing = 0;
		};
/* End PBXFrameworksBuildPhase section */

/* Begin PBXGroup section */
		3747E58F25EF900C0038E9D2 = {
			isa = PBXGroup;
			children = (
				3747E59A25EF900C0038E9D2 /* DileeshaNayanajith-COBSCComp192-056 */,
				3747E59925EF900C0038E9D2 /* Products */,
			);
			sourceTree = "<group>";
		};
		3747E59925EF900C0038E9D2 /* Products */ = {
			isa = PBXGroup;
			children = (
				3747E59825EF900C0038E9D2 /* DileeshaNayanajith-COBSCComp192-056.app */,
			);
			name = Products;
			sourceTree = "<group>";
		};
		3747E59A25EF900C0038E9D2 /* DileeshaNayanajith-COBSCComp192-056 */ = {
			isa = PBXGroup;
			children = (
				3747E59B25EF900C0038E9D2 /* AppDelegate.swift */,
				3747E59D25EF900C0038E9D2 /* SceneDelegate.swift */,
				3773645B25F3309900EB1BB6 /* ViewControllers */,
				3747E5A125EF900C0038E9D2 /* Main.storyboard */,
				3747E5A425EF900E0038E9D2 /* Assets.xcassets */,
				3747E5A625EF900E0038E9D2 /* LaunchScreen.storyboard */,
				3747E5A925EF900E0038E9D2 /* Info.plist */,
			);
			path = "DileeshaNayanajith-COBSCComp192-056";
			sourceTree = "<group>";
		};
		3773645B25F3309900EB1BB6 /* ViewControllers */ = {
			isa = PBXGroup;
			children = (
				3747E59F25EF900C0038E9D2 /* LoginViewController.swift */,
				3773645C25F331A200EB1BB6 /* RegisterViewController.swift */,
				3773645E25F3745000EB1BB6 /* ForgotPasswordViewController.swift */,
			);
			path = ViewControllers;
			sourceTree = "<group>";
		};
/* End PBXGroup section */

/* Begin PBXNativeTarget section */
		3747E59725EF900C0038E9D2 /* DileeshaNayanajith-COBSCComp192-056 */ = {
			isa = PBXNativeTarget;
			buildConfigurationList = 3747E5AC25EF900E0038E9D2 /* Build configuration list for PBXNativeTarget "DileeshaNayanajith-COBSCComp192-056" */;
			buildPhases = (
				3747E59425EF900C0038E9D2 /* Sources */,
				3747E59525EF900C0038E9D2 /* Frameworks */,
				3747E59625EF900C0038E9D2 /* Resources */,
			);
			buildRules = (
			);
			dependencies = (
			);
			name = "DileeshaNayanajith-COBSCComp192-056";
			productName = "DileeshaNayanajith-COBSCComp192-056";
			productReference = 3747E59825EF900C0038E9D2 /* DileeshaNayanajith-COBSCComp192-056.app */;
			productType = "com.apple.product-type.application";
		};
/* End PBXNativeTarget section */

/* Begin PBXProject section */
		3747E59025EF900C0038E9D2 /* Project object */ = {
			isa = PBXProject;
			attributes = {
				LastSwiftUpdateCheck = 1130;
				LastUpgradeCheck = 1130;
				ORGANIZATIONNAME = user162257;
				TargetAttributes = {
					3747E59725EF900C0038E9D2 = {
						CreatedOnToolsVersion = 11.3.1;
					};
				};
			};
			buildConfigurationList = 3747E59325EF900C0038E9D2 /* Build configuration list for PBXProject "DileeshaNayanajith-COBSCComp192-056" */;
			compatibilityVersion = "Xcode 9.3";
			developmentRegion = en;
			hasScannedForEncodings = 0;
			knownRegions = (
				en,
				Base,
			);
			mainGroup = 3747E58F25EF900C0038E9D2;
			productRefGroup = 3747E59925EF900C0038E9D2 /* Products */;
			projectDirPath = "";
			projectRoot = "";
			targets = (
				3747E59725EF900C0038E9D2 /* DileeshaNayanajith-COBSCComp192-056 */,
			);
		};
/* End PBXProject section */

/* Begin PBXResourcesBuildPhase section */
		3747E59625EF900C0038E9D2 /* Resources */ = {
			isa = PBXResourcesBuildPhase;
			buildActionMask = 2147483647;
			files = (
				3747E5A825EF900E0038E9D2 /* LaunchScreen.storyboard in Resources */,
				3747E5A525EF900E0038E9D2 /* Assets.xcassets in Resources */,
				3747E5A325EF900C0038E9D2 /* Main.storyboard in Resources */,
			);
			runOnlyForDeploymentPostprocessing = 0;
		};
/* End PBXResourcesBuildPhase section */

/* Begin PBXSourcesBuildPhase section */
		3747E59425EF900C0038E9D2 /* Sources */ = {
			isa = PBXSourcesBuildPhase;
			buildActionMask = 2147483647;
			files = (
				3747E5A025EF900C0038E9D2 /* LoginViewController.swift in Sources */,
				3773645F25F3745000EB1BB6 /* ForgotPasswordViewController.swift in Sources */,
				3747E59C25EF900C0038E9D2 /* AppDelegate.swift in Sources */,
				3747E59E25EF900C0038E9D2 /* SceneDelegate.swift in Sources */,
				3773645D25F331A200EB1BB6 /* RegisterViewController.swift in Sources */,
			);
			runOnlyForDeploymentPostprocessing = 0;
		};
/* End PBXSourcesBuildPhase section */

/* Begin PBXVariantGroup section */
		3747E5A125EF900C0038E9D2 /* Main.storyboard */ = {
			isa = PBXVariantGroup;
			children = (
				3747E5A225EF900C0038E9D2 /* Base */,
			);
			name = Main.storyboard;
			sourceTree = "<group>";
		};
		3747E5A625EF900E0038E9D2 /* LaunchScreen.storyboard */ = {
			isa = PBXVariantGroup;
			children = (
				3747E5A725EF900E0038E9D2 /* Base */,
			);
			name = LaunchScreen.storyboard;
			sourceTree = "<group>";
		};
/* End PBXVariantGroup section */

/* Begin XCBuildConfiguration section */
		3747E5AA25EF900E0038E9D2 /* Debug */ = {
			isa = XCBuildConfiguration;
			buildSettings = {
				ALWAYS_SEARCH_USER_PATHS = NO;
				CLANG_ANALYZER_NONNULL = YES;
				CLANG_ANALYZER_NUMBER_OBJECT_CONVERSION = YES_AGGRESSIVE;
				CLANG_CXX_LANGUAGE_STANDARD = "gnu++14";
				CLANG_CXX_LIBRARY = "libc++";
				CLANG_ENABLE_MODULES = YES;
				CLANG_ENABLE_OBJC_ARC = YES;
				CLANG_ENABLE_OBJC_WEAK = YES;
				CLANG_WARN_BLOCK_CAPTURE_AUTORELEASING = YES;
				CLANG_WARN_BOOL_CONVERSION = YES;
				CLANG_WARN_COMMA = YES;
				CLANG_WARN_CONSTANT_CONVERSION = YES;
				CLANG_WARN_DEPRECATED_OBJC_IMPLEMENTATIONS = YES;
				CLANG_WARN_DIRECT_OBJC_ISA_USAGE = YES_ERROR;
				CLANG_WARN_DOCUMENTATION_COMMENTS = YES;
				CLANG_WARN_EMPTY_BODY = YES;
				CLANG_WARN_ENUM_CONVERSION = YES;
				CLANG_WARN_INFINITE_RECURSION = YES;
				CLANG_WARN_INT_CONVERSION = YES;
				CLANG_WARN_NON_LITERAL_NULL_CONVERSION = YES;
				CLANG_WARN_OBJC_IMPLICIT_RETAIN_SELF = YES;
				CLANG_WARN_OBJC_LITERAL_CONVERSION = YES;
				CLANG_WARN_OBJC_ROOT_CLASS = YES_ERROR;
				CLANG_WARN_RANGE_LOOP_ANALYSIS = YES;
				CLANG_WARN_STRICT_PROTOTYPES = YES;
				CLANG_WARN_SUSPICIOUS_MOVE = YES;
				CLANG_WARN_UNGUARDED_AVAILABILITY = YES_AGGRESSIVE;
				CLANG_WARN_UNREACHABLE_CODE = YES;
				CLANG_WARN__DUPLICATE_METHOD_MATCH = YES;
				COPY_PHASE_STRIP = NO;
				DEBUG_INFORMATION_FORMAT = dwarf;
				ENABLE_STRICT_OBJC_MSGSEND = YES;
				ENABLE_TESTABILITY = YES;
				GCC_C_LANGUAGE_STANDARD = gnu11;
				GCC_DYNAMIC_NO_PIC = NO;
				GCC_NO_COMMON_BLOCKS = YES;
				GCC_OPTIMIZATION_LEVEL = 0;
				GCC_PREPROCESSOR_DEFINITIONS = (
					"DEBUG=1",
					"$(inherited)",
				);
				GCC_WARN_64_TO_32_BIT_CONVERSION = YES;
				GCC_WARN_ABOUT_RETURN_TYPE = YES_ERROR;
				GCC_WARN_UNDECLARED_SELECTOR = YES;
				GCC_WARN_UNINITIALIZED_AUTOS = YES_AGGRESSIVE;
				GCC_WARN_UNUSED_FUNCTION = YES;
				GCC_WARN_UNUSED_VARIABLE = YES;
				IPHONEOS_DEPLOYMENT_TARGET = 13.2;
				MTL_ENABLE_DEBUG_INFO = INCLUDE_SOURCE;
				MTL_FAST_MATH = YES;
				ONLY_ACTIVE_ARCH = YES;
				SDKROOT = iphoneos;
				SWIFT_ACTIVE_COMPILATION_CONDITIONS = DEBUG;
				SWIFT_OPTIMIZATION_LEVEL = "-Onone";
			};
			name = Debug;
		};
		3747E5AB25EF900E0038E9D2 /* Release */ = {
			isa = XCBuildConfiguration;
			buildSettings = {
				ALWAYS_SEARCH_USER_PATHS = NO;
				CLANG_ANALYZER_NONNULL = YES;
				CLANG_ANALYZER_NUMBER_OBJECT_CONVERSION = YES_AGGRESSIVE;
				CLANG_CXX_LANGUAGE_STANDARD = "gnu++14";
				CLANG_CXX_LIBRARY = "libc++";
				CLANG_ENABLE_MODULES = YES;
				CLANG_ENABLE_OBJC_ARC = YES;
				CLANG_ENABLE_OBJC_WEAK = YES;
				CLANG_WARN_BLOCK_CAPTURE_AUTORELEASING = YES;
				CLANG_WARN_BOOL_CONVERSION = YES;
				CLANG_WARN_COMMA = YES;
				CLANG_WARN_CONSTANT_CONVERSION = YES;
				CLANG_WARN_DEPRECATED_OBJC_IMPLEMENTATIONS = YES;
				CLANG_WARN_DIRECT_OBJC_ISA_USAGE = YES_ERROR;
				CLANG_WARN_DOCUMENTATION_COMMENTS = YES;
				CLANG_WARN_EMPTY_BODY = YES;
				CLANG_WARN_ENUM_CONVERSION = YES;
				CLANG_WARN_INFINITE_RECURSION = YES;
				CLANG_WARN_INT_CONVERSION = YES;
				CLANG_WARN_NON_LITERAL_NULL_CONVERSION = YES;
				CLANG_WARN_OBJC_IMPLICIT_RETAIN_SELF = YES;
				CLANG_WARN_OBJC_LITERAL_CONVERSION = YES;
				CLANG_WARN_OBJC_ROOT_CLASS = YES_ERROR;
				CLANG_WARN_RANGE_LOOP_ANALYSIS = YES;
				CLANG_WARN_STRICT_PROTOTYPES = YES;
				CLANG_WARN_SUSPICIOUS_MOVE = YES;
				CLANG_WARN_UNGUARDED_AVAILABILITY = YES_AGGRESSIVE;
				CLANG_WARN_UNREACHABLE_CODE = YES;
				CLANG_WARN__DUPLICATE_METHOD_MATCH = YES;
				COPY_PHASE_STRIP = NO;
				DEBUG_INFORMATION_FORMAT = "dwarf-with-dsym";
				ENABLE_NS_ASSERTIONS = NO;
				ENABLE_STRICT_OBJC_MSGSEND = YES;
				GCC_C_LANGUAGE_STANDARD = gnu11;
				GCC_NO_COMMON_BLOCKS = YES;
				GCC_WARN_64_TO_32_BIT_CONVERSION = YES;
				GCC_WARN_ABOUT_RETURN_TYPE = YES_ERROR;
				GCC_WARN_UNDECLARED_SELECTOR = YES;
				GCC_WARN_UNINITIALIZED_AUTOS = YES_AGGRESSIVE;
				GCC_WARN_UNUSED_FUNCTION = YES;
				GCC_WARN_UNUSED_VARIABLE = YES;
				IPHONEOS_DEPLOYMENT_TARGET = 13.2;
				MTL_ENABLE_DEBUG_INFO = NO;
				MTL_FAST_MATH = YES;
				SDKROOT = iphoneos;
				SWIFT_COMPILATION_MODE = wholemodule;
				SWIFT_OPTIMIZATION_LEVEL = "-O";
				VALIDATE_PRODUCT = YES;
			};
			name = Release;
		};
		3747E5AD25EF900E0038E9D2 /* Debug */ = {
			isa = XCBuildConfiguration;
			buildSettings = {
				ASSETCATALOG_COMPILER_APPICON_NAME = AppIcon;
				CODE_SIGN_STYLE = Automatic;
				INFOPLIST_FILE = "DileeshaNayanajith-COBSCComp192-056/Info.plist";
				LD_RUNPATH_SEARCH_PATHS = (
					"$(inherited)",
					"@executable_path/Frameworks",
				);
				PRODUCT_BUNDLE_IDENTIFIER = "COBSCComp192p-056.DileeshaNayanajith-COBSCComp192-056";
				PRODUCT_NAME = "$(TARGET_NAME)";
				SWIFT_VERSION = 5.0;
				TARGETED_DEVICE_FAMILY = 1;
			};
			name = Debug;
		};
		3747E5AE25EF900E0038E9D2 /* Release */ = {
			isa = XCBuildConfiguration;
			buildSettings = {
				ASSETCATALOG_COMPILER_APPICON_NAME = AppIcon;
				CODE_SIGN_STYLE = Automatic;
				INFOPLIST_FILE = "DileeshaNayanajith-COBSCComp192-056/Info.plist";
				LD_RUNPATH_SEARCH_PATHS = (
					"$(inherited)",
					"@executable_path/Frameworks",
				);
				PRODUCT_BUNDLE_IDENTIFIER = "COBSCComp192p-056.DileeshaNayanajith-COBSCComp192-056";
				PRODUCT_NAME = "$(TARGET_NAME)";
				SWIFT_VERSION = 5.0;
				TARGETED_DEVICE_FAMILY = 1;
			};
			name = Release;
		};
/* End XCBuildConfiguration section */

/* Begin XCConfigurationList section */
		3747E59325EF900C0038E9D2 /* Build configuration list for PBXProject "DileeshaNayanajith-COBSCComp192-056" */ = {
			isa = XCConfigurationList;
			buildConfigurations = (
				3747E5AA25EF900E0038E9D2 /* Debug */,
				3747E5AB25EF900E0038E9D2 /* Release */,
			);
			defaultConfigurationIsVisible = 0;
			defaultConfigurationName = Release;
		};
		3747E5AC25EF900E0038E9D2 /* Build configuration list for PBXNativeTarget "DileeshaNayanajith-COBSCComp192-056" */ = {
			isa = XCConfigurationList;
			buildConfigurations = (
				3747E5AD25EF900E0038E9D2 /* Debug */,
				3747E5AE25EF900E0038E9D2 /* Release */,
			);
			defaultConfigurationIsVisible = 0;
			defaultConfigurationName = Release;
		};
/* End XCConfigurationList section */
	};
	rootObject = 3747E59025EF900C0038E9D2 /* Project object */;
}
